
Microsoft Visual Studio Solution File, Format Version 11.00
# Visual Studio 2010
Project("{F184B08F-C81C-45F6-A57F-5ABD9991F28F}") = "WordService", "WordService\WordService.vbproj", "{E0F9E66B-14F2-40BD-A6DE-848D7FF2BC43}"
EndProject
Project("{F184B08F-C81C-45F6-A57F-5ABD9991F28F}") = "WordServiceWCF", "WordServiceWCF\WordServiceWCF.vbproj", "{A16E5FAD-FA96-42D9-92C5-F2B5721392FA}"
EndProject
Project("{FAE04EC0-301F-11D3-BF4B-00C04F79EFBC}") = "RESTfulDemo", "RESTfulDemo\RESTfulDemo.csproj", "{68476C9F-3893-48DD-AA56-A2156EEDB0AC}"
EndProject
Global
	GlobalSection(SolutionConfigurationPlatforms) = preSolution
		Debug|Any CPU = Debug|Any CPU
		Debug|Mixed Platforms = Debug|Mixed Platforms
		Debug|x86 = Debug|x86
		Release|Any CPU = Release|Any CPU
		Release|Mixed Platforms = Release|Mixed Platforms
		Release|x86 = Release|x86
	EndGlobalSection
	GlobalSection(ProjectConfigurationPlatforms) = postSolution
		{E0F9E66B-14F2-40BD-A6DE-848D7FF2BC43}.Debug|Any CPU.ActiveCfg = Debug|Any CPU
		{E0F9E66B-14F2-40BD-A6DE-848D7FF2BC43}.Debug|Any CPU.Build.0 = Debug|Any CPU
		{E0F9E66B-14F2-40BD-A6DE-848D7FF2BC43}.Debug|Mixed Platforms.ActiveCfg = Debug|Any CPU
		{E0F9E66B-14F2-40BD-A6DE-848D7FF2BC43}.Debug|Mixed Platforms.Build.0 = Debug|Any CPU
		{E0F9E66B-14F2-40BD-A6DE-848D7FF2BC43}.Debug|x86.ActiveCfg = Debug|Any CPU
		{E0F9E66B-14F2-40BD-A6DE-848D7FF2BC43}.Release|Any CPU.ActiveCfg = Release|Any CPU
		{E0F9E66B-14F2-40BD-A6DE-848D7FF2BC43}.Release|Any CPU.Build.0 = Release|Any CPU
		{E0F9E66B-14F2-40BD-A6DE-848D7FF2BC43}.Release|Mixed Platforms.ActiveCfg = Release|Any CPU
		{E0F9E66B-14F2-40BD-A6DE-848D7FF2BC43}.Release|Mixed Platforms.Build.0 = Release|Any CPU
		{E0F9E66B-14F2-40BD-A6DE-848D7FF2BC43}.Release|x86.ActiveCfg = Release|Any CPU
		{A16E5FAD-FA96-42D9-92C5-F2B5721392FA}.Debug|Any CPU.ActiveCfg = Debug|Any CPU
		{A16E5FAD-FA96-42D9-92C5-F2B5721392FA}.Debug|Any CPU.Build.0 = Debug|Any CPU
		{A16E5FAD-FA96-42D9-92C5-F2B5721392FA}.Debug|Mixed Platforms.ActiveCfg = Debug|Any CPU
		{A16E5FAD-FA96-42D9-92C5-F2B5721392FA}.Debug|Mixed Platforms.Build.0 = Debug|Any CPU
		{A16E5FAD-FA96-42D9-92C5-F2B5721392FA}.Debug|x86.ActiveCfg = Debug|Any CPU
		{A16E5FAD-FA96-42D9-92C5-F2B5721392FA}.Release|Any CPU.ActiveCfg = Release|Any CPU
		{A16E5FAD-FA96-42D9-92C5-F2B5721392FA}.Release|Any CPU.Build.0 = Release|Any CPU
		{A16E5FAD-FA96-42D9-92C5-F2B5721392FA}.Release|Mixed Platforms.ActiveCfg = Release|Any CPU
		{A16E5FAD-FA96-42D9-92C5-F2B5721392FA}.Release|Mixed Platforms.Build.0 = Release|Any CPU
		{A16E5FAD-FA96-42D9-92C5-F2B5721392FA}.Release|x86.ActiveCfg = Release|Any CPU
		{68476C9F-3893-48DD-AA56-A2156EEDB0AC}.Debug|Any CPU.ActiveCfg = Debug|Any CPU
		{68476C9F-3893-48DD-AA56-A2156EEDB0AC}.Debug|Any CPU.Build.0 = Debug|Any CPU
		{68476C9F-3893-48DD-AA56-A2156EEDB0AC}.Debug|Mixed Platforms.ActiveCfg = Debug|Any CPU
		{68476C9F-3893-48DD-AA56-A2156EEDB0AC}.Debug|Mixed Platforms.Build.0 = Debug|Any CPU
		{68476C9F-3893-48DD-AA56-A2156EEDB0AC}.Debug|x86.ActiveCfg = Debug|Any CPU
		{68476C9F-3893-48DD-AA56-A2156EEDB0AC}.Release|Any CPU.ActiveCfg = Release|Any CPU
		{68476C9F-3893-48DD-AA56-A2156EEDB0AC}.Release|Any CPU.Build.0 = Release|Any CPU
		{68476C9F-3893-48DD-AA56-A2156EEDB0AC}.Release|Mixed Platforms.ActiveCfg = Release|Any CPU
		{68476C9F-3893-48DD-AA56-A2156EEDB0AC}.Release|Mixed Platforms.Build.0 = Release|Any CPU
		{68476C9F-3893-48DD-AA56-A2156EEDB0AC}.Release|x86.ActiveCfg = Release|Any CPU
	EndGlobalSection
	GlobalSection(SolutionProperties) = preSolution
		HideSolutionNode = FALSE
	EndGlobalSection
EndGlobal
